
Microsoft Visual Studio Solution File, Format Version 12.00
# Visual Studio 2013
VisualStudioVersion = 12.0.30723.0
MinimumVisualStudioVersion = 10.0.40219.1
Project("{FAE04EC0-301F-11D3-BF4B-00C04F79EFBC}") = "Beursfuif.Server", "Beursfuif.Server\Beursfuif.Server.csproj", "{6A547268-E30A-40C1-8E3B-90C422F42E1D}"
EndProject
Project("{FAE04EC0-301F-11D3-BF4B-00C04F79EFBC}") = "Beursfuif.BL", "Beursfuif.BL\Beursfuif.BL.csproj", "{0BB30286-2A73-4955-95D2-CFA16B012FDC}"
EndProject
Project("{2150E333-8FDC-42A3-9474-1A3956D46DE8}") = "Solution Items", "Solution Items", "{873E9196-7FB5-4740-A9E2-A45CA3170E46}"
	ProjectSection(SolutionItems) = preProject
		WE2013-settings.xml = WE2013-settings.xml
		WebEssentials-Settings.json = WebEssentials-Settings.json
	EndProjectSection
EndProject
Project("{FAE04EC0-301F-11D3-BF4B-00C04F79EFBC}") = "Beursfuif.TypedClient", "Beursfuif.TypedClient\Beursfuif.TypedClient.csproj", "{8895A17A-4295-4446-A307-90BF5BB73888}"
EndProject
Project("{FAE04EC0-301F-11D3-BF4B-00C04F79EFBC}") = "Beursfuif.Tests", "Beursfuif.Tests\Beursfuif.Tests.csproj", "{367A5D34-6D7B-4390-BCFF-3DD45CB5D719}"
EndProject
Global
	GlobalSection(SolutionConfigurationPlatforms) = preSolution
		CD_ROM|Any CPU = CD_ROM|Any CPU
		Debug|Any CPU = Debug|Any CPU
		DVD-5|Any CPU = DVD-5|Any CPU
		Release|Any CPU = Release|Any CPU
		SingleImage|Any CPU = SingleImage|Any CPU
	EndGlobalSection
	GlobalSection(ProjectConfigurationPlatforms) = postSolution
		{6A547268-E30A-40C1-8E3B-90C422F42E1D}.CD_ROM|Any CPU.ActiveCfg = Release|Any CPU
		{6A547268-E30A-40C1-8E3B-90C422F42E1D}.CD_ROM|Any CPU.Build.0 = Release|Any CPU
		{6A547268-E30A-40C1-8E3B-90C422F42E1D}.Debug|Any CPU.ActiveCfg = Debug|Any CPU
		{6A547268-E30A-40C1-8E3B-90C422F42E1D}.Debug|Any CPU.Build.0 = Debug|Any CPU
		{6A547268-E30A-40C1-8E3B-90C422F42E1D}.DVD-5|Any CPU.ActiveCfg = Debug|Any CPU
		{6A547268-E30A-40C1-8E3B-90C422F42E1D}.DVD-5|Any CPU.Build.0 = Debug|Any CPU
		{6A547268-E30A-40C1-8E3B-90C422F42E1D}.Release|Any CPU.ActiveCfg = Release|Any CPU
		{6A547268-E30A-40C1-8E3B-90C422F42E1D}.Release|Any CPU.Build.0 = Release|Any CPU
		{6A547268-E30A-40C1-8E3B-90C422F42E1D}.SingleImage|Any CPU.ActiveCfg = Release|Any CPU
		{6A547268-E30A-40C1-8E3B-90C422F42E1D}.SingleImage|Any CPU.Build.0 = Release|Any CPU
		{0BB30286-2A73-4955-95D2-CFA16B012FDC}.CD_ROM|Any CPU.ActiveCfg = Release|Any CPU
		{0BB30286-2A73-4955-95D2-CFA16B012FDC}.CD_ROM|Any CPU.Build.0 = Release|Any CPU
		{0BB30286-2A73-4955-95D2-CFA16B012FDC}.Debug|Any CPU.ActiveCfg = Debug|Any CPU
		{0BB30286-2A73-4955-95D2-CFA16B012FDC}.Debug|Any CPU.Build.0 = Debug|Any CPU
		{0BB30286-2A73-4955-95D2-CFA16B012FDC}.DVD-5|Any CPU.ActiveCfg = Debug|Any CPU
		{0BB30286-2A73-4955-95D2-CFA16B012FDC}.DVD-5|Any CPU.Build.0 = Debug|Any CPU
		{0BB30286-2A73-4955-95D2-CFA16B012FDC}.Release|Any CPU.ActiveCfg = Release|Any CPU
		{0BB30286-2A73-4955-95D2-CFA16B012FDC}.Release|Any CPU.Build.0 = Release|Any CPU
		{0BB30286-2A73-4955-95D2-CFA16B012FDC}.SingleImage|Any CPU.ActiveCfg = Release|Any CPU
		{0BB30286-2A73-4955-95D2-CFA16B012FDC}.SingleImage|Any CPU.Build.0 = Release|Any CPU
		{8895A17A-4295-4446-A307-90BF5BB73888}.CD_ROM|Any CPU.ActiveCfg = Release|Any CPU
		{8895A17A-4295-4446-A307-90BF5BB73888}.CD_ROM|Any CPU.Build.0 = Release|Any CPU
		{8895A17A-4295-4446-A307-90BF5BB73888}.Debug|Any CPU.ActiveCfg = Debug|Any CPU
		{8895A17A-4295-4446-A307-90BF5BB73888}.Debug|Any CPU.Build.0 = Debug|Any CPU
		{8895A17A-4295-4446-A307-90BF5BB73888}.DVD-5|Any CPU.ActiveCfg = Debug|Any CPU
		{8895A17A-4295-4446-A307-90BF5BB73888}.DVD-5|Any CPU.Build.0 = Debug|Any CPU
		{8895A17A-4295-4446-A307-90BF5BB73888}.Release|Any CPU.ActiveCfg = Release|Any CPU
		{8895A17A-4295-4446-A307-90BF5BB73888}.Release|Any CPU.Build.0 = Release|Any CPU
		{8895A17A-4295-4446-A307-90BF5BB73888}.SingleImage|Any CPU.ActiveCfg = Release|Any CPU
		{8895A17A-4295-4446-A307-90BF5BB73888}.SingleImage|Any CPU.Build.0 = Release|Any CPU
		{367A5D34-6D7B-4390-BCFF-3DD45CB5D719}.CD_ROM|Any CPU.ActiveCfg = Release|Any CPU
		{367A5D34-6D7B-4390-BCFF-3DD45CB5D719}.CD_ROM|Any CPU.Build.0 = Release|Any CPU
		{367A5D34-6D7B-4390-BCFF-3DD45CB5D719}.Debug|Any CPU.ActiveCfg = Debug|Any CPU
		{367A5D34-6D7B-4390-BCFF-3DD45CB5D719}.Debug|Any CPU.Build.0 = Debug|Any CPU
		{367A5D34-6D7B-4390-BCFF-3DD45CB5D719}.DVD-5|Any CPU.ActiveCfg = Debug|Any CPU
		{367A5D34-6D7B-4390-BCFF-3DD45CB5D719}.DVD-5|Any CPU.Build.0 = Debug|Any CPU
		{367A5D34-6D7B-4390-BCFF-3DD45CB5D719}.Release|Any CPU.ActiveCfg = Release|Any CPU
		{367A5D34-6D7B-4390-BCFF-3DD45CB5D719}.Release|Any CPU.Build.0 = Release|Any CPU
		{367A5D34-6D7B-4390-BCFF-3DD45CB5D719}.SingleImage|Any CPU.ActiveCfg = Release|Any CPU
		{367A5D34-6D7B-4390-BCFF-3DD45CB5D719}.SingleImage|Any CPU.Build.0 = Release|Any CPU
	EndGlobalSection
	GlobalSection(SolutionProperties) = preSolution
		HideSolutionNode = FALSE
	EndGlobalSection
EndGlobal
