
Microsoft Visual Studio Solution File, Format Version 12.00
# Visual Studio 2012
Project("{FAE04EC0-301F-11D3-BF4B-00C04F79EFBC}") = "Beursfuif.Server", "Beursfuif.Server\Beursfuif.Server.csproj", "{6A547268-E30A-40C1-8E3B-90C422F42E1D}"
EndProject
Project("{FAE04EC0-301F-11D3-BF4B-00C04F79EFBC}") = "Beursfuif.BL", "Beursfuif.BL\Beursfuif.BL.csproj", "{0BB30286-2A73-4955-95D2-CFA16B012FDC}"
EndProject
Project("{FAE04EC0-301F-11D3-BF4B-00C04F79EFBC}") = "Beursfuif.Console", "Beursfuif.Console\Beursfuif.Console.csproj", "{5D6259E2-206F-41A7-A274-9920628960A6}"
EndProject
Project("{E24C65DC-7377-472B-9ABA-BC803B73C61A}") = "Beursfuif.Client(3)", "http://localhost:32530", "{16861313-B60C-4D01-80D2-F04A6224868D}"
	ProjectSection(WebsiteProperties) = preProject
		UseIISExpress = "true"
		TargetFrameworkMoniker = ".NETFramework,Version%3Dv4.0"
		Debug.AspNetCompiler.VirtualPath = "/localhost_32529"
		Debug.AspNetCompiler.PhysicalPath = "Beursfuif.Client\"
		Debug.AspNetCompiler.TargetPath = "PrecompiledWeb\localhost_32529\"
		Debug.AspNetCompiler.Updateable = "true"
		Debug.AspNetCompiler.ForceOverwrite = "true"
		Debug.AspNetCompiler.FixedNames = "false"
		Debug.AspNetCompiler.Debug = "True"
		Release.AspNetCompiler.VirtualPath = "/localhost_32529"
		Release.AspNetCompiler.PhysicalPath = "Beursfuif.Client\"
		Release.AspNetCompiler.TargetPath = "PrecompiledWeb\localhost_32529\"
		Release.AspNetCompiler.Updateable = "true"
		Release.AspNetCompiler.ForceOverwrite = "true"
		Release.AspNetCompiler.FixedNames = "false"
		Release.AspNetCompiler.Debug = "False"
		SlnRelativePath = "Beursfuif.Client\"
	EndProjectSection
EndProject
Project("{2150E333-8FDC-42A3-9474-1A3956D46DE8}") = "Solution Items", "Solution Items", "{873E9196-7FB5-4740-A9E2-A45CA3170E46}"
EndProject
Project("{6141683F-8A12-4E36-9623-2EB02B2C2303}") = "Beursfuif.Setup", "Beursfuif.Setup\Beursfuif.Setup.isproj", "{BA3F9529-0F58-4F80-A522-6D646DF5CE03}"
EndProject
Global
	GlobalSection(SolutionConfigurationPlatforms) = preSolution
		CD_ROM|Any CPU = CD_ROM|Any CPU
		Debug|Any CPU = Debug|Any CPU
		DVD-5|Any CPU = DVD-5|Any CPU
		Release|Any CPU = Release|Any CPU
		SingleImage|Any CPU = SingleImage|Any CPU
	EndGlobalSection
	GlobalSection(ProjectConfigurationPlatforms) = postSolution
		{6A547268-E30A-40C1-8E3B-90C422F42E1D}.CD_ROM|Any CPU.ActiveCfg = Release|Any CPU
		{6A547268-E30A-40C1-8E3B-90C422F42E1D}.CD_ROM|Any CPU.Build.0 = Release|Any CPU
		{6A547268-E30A-40C1-8E3B-90C422F42E1D}.Debug|Any CPU.ActiveCfg = Debug|Any CPU
		{6A547268-E30A-40C1-8E3B-90C422F42E1D}.Debug|Any CPU.Build.0 = Debug|Any CPU
		{6A547268-E30A-40C1-8E3B-90C422F42E1D}.DVD-5|Any CPU.ActiveCfg = Debug|Any CPU
		{6A547268-E30A-40C1-8E3B-90C422F42E1D}.DVD-5|Any CPU.Build.0 = Debug|Any CPU
		{6A547268-E30A-40C1-8E3B-90C422F42E1D}.Release|Any CPU.ActiveCfg = Release|Any CPU
		{6A547268-E30A-40C1-8E3B-90C422F42E1D}.Release|Any CPU.Build.0 = Release|Any CPU
		{6A547268-E30A-40C1-8E3B-90C422F42E1D}.SingleImage|Any CPU.ActiveCfg = Release|Any CPU
		{6A547268-E30A-40C1-8E3B-90C422F42E1D}.SingleImage|Any CPU.Build.0 = Release|Any CPU
		{0BB30286-2A73-4955-95D2-CFA16B012FDC}.CD_ROM|Any CPU.ActiveCfg = Release|Any CPU
		{0BB30286-2A73-4955-95D2-CFA16B012FDC}.CD_ROM|Any CPU.Build.0 = Release|Any CPU
		{0BB30286-2A73-4955-95D2-CFA16B012FDC}.Debug|Any CPU.ActiveCfg = Debug|Any CPU
		{0BB30286-2A73-4955-95D2-CFA16B012FDC}.Debug|Any CPU.Build.0 = Debug|Any CPU
		{0BB30286-2A73-4955-95D2-CFA16B012FDC}.DVD-5|Any CPU.ActiveCfg = Debug|Any CPU
		{0BB30286-2A73-4955-95D2-CFA16B012FDC}.DVD-5|Any CPU.Build.0 = Debug|Any CPU
		{0BB30286-2A73-4955-95D2-CFA16B012FDC}.Release|Any CPU.ActiveCfg = Release|Any CPU
		{0BB30286-2A73-4955-95D2-CFA16B012FDC}.Release|Any CPU.Build.0 = Release|Any CPU
		{0BB30286-2A73-4955-95D2-CFA16B012FDC}.SingleImage|Any CPU.ActiveCfg = Release|Any CPU
		{0BB30286-2A73-4955-95D2-CFA16B012FDC}.SingleImage|Any CPU.Build.0 = Release|Any CPU
		{5D6259E2-206F-41A7-A274-9920628960A6}.CD_ROM|Any CPU.ActiveCfg = Release|Any CPU
		{5D6259E2-206F-41A7-A274-9920628960A6}.CD_ROM|Any CPU.Build.0 = Release|Any CPU
		{5D6259E2-206F-41A7-A274-9920628960A6}.Debug|Any CPU.ActiveCfg = Debug|Any CPU
		{5D6259E2-206F-41A7-A274-9920628960A6}.Debug|Any CPU.Build.0 = Debug|Any CPU
		{5D6259E2-206F-41A7-A274-9920628960A6}.DVD-5|Any CPU.ActiveCfg = Debug|Any CPU
		{5D6259E2-206F-41A7-A274-9920628960A6}.DVD-5|Any CPU.Build.0 = Debug|Any CPU
		{5D6259E2-206F-41A7-A274-9920628960A6}.Release|Any CPU.ActiveCfg = Release|Any CPU
		{5D6259E2-206F-41A7-A274-9920628960A6}.Release|Any CPU.Build.0 = Release|Any CPU
		{5D6259E2-206F-41A7-A274-9920628960A6}.SingleImage|Any CPU.ActiveCfg = Release|Any CPU
		{5D6259E2-206F-41A7-A274-9920628960A6}.SingleImage|Any CPU.Build.0 = Release|Any CPU
		{16861313-B60C-4D01-80D2-F04A6224868D}.CD_ROM|Any CPU.ActiveCfg = Debug|Any CPU
		{16861313-B60C-4D01-80D2-F04A6224868D}.CD_ROM|Any CPU.Build.0 = Debug|Any CPU
		{16861313-B60C-4D01-80D2-F04A6224868D}.Debug|Any CPU.ActiveCfg = Debug|Any CPU
		{16861313-B60C-4D01-80D2-F04A6224868D}.Debug|Any CPU.Build.0 = Debug|Any CPU
		{16861313-B60C-4D01-80D2-F04A6224868D}.DVD-5|Any CPU.ActiveCfg = Debug|Any CPU
		{16861313-B60C-4D01-80D2-F04A6224868D}.DVD-5|Any CPU.Build.0 = Debug|Any CPU
		{16861313-B60C-4D01-80D2-F04A6224868D}.Release|Any CPU.ActiveCfg = Debug|Any CPU
		{16861313-B60C-4D01-80D2-F04A6224868D}.Release|Any CPU.Build.0 = Debug|Any CPU
		{16861313-B60C-4D01-80D2-F04A6224868D}.SingleImage|Any CPU.ActiveCfg = Debug|Any CPU
		{16861313-B60C-4D01-80D2-F04A6224868D}.SingleImage|Any CPU.Build.0 = Debug|Any CPU
		{BA3F9529-0F58-4F80-A522-6D646DF5CE03}.CD_ROM|Any CPU.ActiveCfg = CD_ROM
		{BA3F9529-0F58-4F80-A522-6D646DF5CE03}.CD_ROM|Any CPU.Build.0 = CD_ROM
		{BA3F9529-0F58-4F80-A522-6D646DF5CE03}.Debug|Any CPU.ActiveCfg = DVD-5
		{BA3F9529-0F58-4F80-A522-6D646DF5CE03}.Debug|Any CPU.Build.0 = DVD-5
		{BA3F9529-0F58-4F80-A522-6D646DF5CE03}.DVD-5|Any CPU.ActiveCfg = DVD-5
		{BA3F9529-0F58-4F80-A522-6D646DF5CE03}.DVD-5|Any CPU.Build.0 = DVD-5
		{BA3F9529-0F58-4F80-A522-6D646DF5CE03}.Release|Any CPU.ActiveCfg = SingleImage
		{BA3F9529-0F58-4F80-A522-6D646DF5CE03}.Release|Any CPU.Build.0 = SingleImage
		{BA3F9529-0F58-4F80-A522-6D646DF5CE03}.SingleImage|Any CPU.ActiveCfg = SingleImage
		{BA3F9529-0F58-4F80-A522-6D646DF5CE03}.SingleImage|Any CPU.Build.0 = SingleImage
	EndGlobalSection
	GlobalSection(SolutionProperties) = preSolution
		HideSolutionNode = FALSE
	EndGlobalSection
EndGlobal
